
Microsoft Visual Studio Solution File, Format Version 12.00
# Visual Studio Version 17
VisualStudioVersion = 17.0.31903.59
MinimumVisualStudioVersion = 10.0.40219.1
Project("{FAE04EC0-301F-11D3-BF4B-00C04F79EFBC}") = "DebitCardApi", "DebitCardApi\DebitCardApi.csproj", "{2E8156DA-73A3-48BE-A66E-8AA3676FA76E}"
EndProject
Project("{FAE04EC0-301F-11D3-BF4B-00C04F79EFBC}") = "DebitCardApi.Client", "DebitCardApi.Client\DebitCardApi.Client.csproj", "{322BB1E2-15E9-4738-8C8E-6E5EDFBBCA4D}"
EndProject
Global
	GlobalSection(SolutionConfigurationPlatforms) = preSolution
		Debug|Any CPU = Debug|Any CPU
		Debug|x64 = Debug|x64
		Debug|x86 = Debug|x86
		Release|Any CPU = Release|Any CPU
		Release|x64 = Release|x64
		Release|x86 = Release|x86
	EndGlobalSection
	GlobalSection(ProjectConfigurationPlatforms) = postSolution
		{2E8156DA-73A3-48BE-A66E-8AA3676FA76E}.Debug|Any CPU.ActiveCfg = Debug|Any CPU
		{2E8156DA-73A3-48BE-A66E-8AA3676FA76E}.Debug|Any CPU.Build.0 = Debug|Any CPU
		{2E8156DA-73A3-48BE-A66E-8AA3676FA76E}.Debug|x64.ActiveCfg = Debug|Any CPU
		{2E8156DA-73A3-48BE-A66E-8AA3676FA76E}.Debug|x64.Build.0 = Debug|Any CPU
		{2E8156DA-73A3-48BE-A66E-8AA3676FA76E}.Debug|x86.ActiveCfg = Debug|Any CPU
		{2E8156DA-73A3-48BE-A66E-8AA3676FA76E}.Debug|x86.Build.0 = Debug|Any CPU
		{2E8156DA-73A3-48BE-A66E-8AA3676FA76E}.Release|Any CPU.ActiveCfg = Release|Any CPU
		{2E8156DA-73A3-48BE-A66E-8AA3676FA76E}.Release|Any CPU.Build.0 = Release|Any CPU
		{2E8156DA-73A3-48BE-A66E-8AA3676FA76E}.Release|x64.ActiveCfg = Release|Any CPU
		{2E8156DA-73A3-48BE-A66E-8AA3676FA76E}.Release|x64.Build.0 = Release|Any CPU
		{2E8156DA-73A3-48BE-A66E-8AA3676FA76E}.Release|x86.ActiveCfg = Release|Any CPU
		{2E8156DA-73A3-48BE-A66E-8AA3676FA76E}.Release|x86.Build.0 = Release|Any CPU
		{322BB1E2-15E9-4738-8C8E-6E5EDFBBCA4D}.Debug|Any CPU.ActiveCfg = Debug|Any CPU
		{322BB1E2-15E9-4738-8C8E-6E5EDFBBCA4D}.Debug|Any CPU.Build.0 = Debug|Any CPU
		{322BB1E2-15E9-4738-8C8E-6E5EDFBBCA4D}.Debug|x64.ActiveCfg = Debug|Any CPU
		{322BB1E2-15E9-4738-8C8E-6E5EDFBBCA4D}.Debug|x64.Build.0 = Debug|Any CPU
		{322BB1E2-15E9-4738-8C8E-6E5EDFBBCA4D}.Debug|x86.ActiveCfg = Debug|Any CPU
		{322BB1E2-15E9-4738-8C8E-6E5EDFBBCA4D}.Debug|x86.Build.0 = Debug|Any CPU
		{322BB1E2-15E9-4738-8C8E-6E5EDFBBCA4D}.Release|Any CPU.ActiveCfg = Release|Any CPU
		{322BB1E2-15E9-4738-8C8E-6E5EDFBBCA4D}.Release|Any CPU.Build.0 = Release|Any CPU
		{322BB1E2-15E9-4738-8C8E-6E5EDFBBCA4D}.Release|x64.ActiveCfg = Release|Any CPU
		{322BB1E2-15E9-4738-8C8E-6E5EDFBBCA4D}.Release|x64.Build.0 = Release|Any CPU
		{322BB1E2-15E9-4738-8C8E-6E5EDFBBCA4D}.Release|x86.ActiveCfg = Release|Any CPU
		{322BB1E2-15E9-4738-8C8E-6E5EDFBBCA4D}.Release|x86.Build.0 = Release|Any CPU
	EndGlobalSection
	GlobalSection(SolutionProperties) = preSolution
		HideSolutionNode = FALSE
	EndGlobalSection
EndGlobal
